{
  "requires": true,
  "lockfileVersion": 1,
  "dependencies": {
    "crypto-js": {
      "version": "4.0.0",
      "resolved": "https://registry.npmjs.org/crypto-js/-/crypto-js-4.0.0.tgz",
      "integrity": "sha512-bzHZN8Pn+gS7DQA6n+iUmBfl0hO5DJq++QP3U6uTucDtk/0iGpXd/Gg7CGR0p8tJhofJyaKoWBuJI4eAO00BBg=="
    },
    "generic-pool": {
      "version": "2.0.4",
      "resolved": "https://registry.npmjs.org/generic-pool/-/generic-pool-2.0.4.tgz",
      "integrity": "sha1-+XGN7agvoSXtXEPjQcmiFadm2aM="
    },
    "js-scrypt": {
      "version": "0.2.0",
      "resolved": "https://registry.npmjs.org/js-scrypt/-/js-scrypt-0.2.0.tgz",
      "integrity": "sha1-emK3AbRhbnCtDN5URiequ5nX/jk=",
      "requires": {
        "generic-pool": "~2.0.4"
      }
    }
  }
}
